
Microsoft Visual Studio Solution File, Format Version 12.00
# Visual Studio Version 17
VisualStudioVersion = 17.14.36429.23 d17.14
MinimumVisualStudioVersion = 10.0.40219.1
Project("{FAE04EC0-301F-11D3-BF4B-00C04F79EFBC}") = "DataAccess", "DataAccess\DataAccess.csproj", "{BEFE2CF1-5ECC-4AAA-A9D2-6C7E85A48D74}"
EndProject
Project("{FAE04EC0-301F-11D3-BF4B-00C04F79EFBC}") = "BusinessLogic", "BusinessLogic\BusinessLogic.csproj", "{EB4B6817-D2FB-40EA-AE9A-243665F259FD}"
EndProject
Project("{FAE04EC0-301F-11D3-BF4B-00C04F79EFBC}") = "Presentation", "Presentation\Presentation.csproj", "{82FC69EF-2D41-473B-A207-BE76566B45CE}"
EndProject
Global
	GlobalSection(SolutionConfigurationPlatforms) = preSolution
		Debug|Any CPU = Debug|Any CPU
		Release|Any CPU = Release|Any CPU
	EndGlobalSection
	GlobalSection(ProjectConfigurationPlatforms) = postSolution
		{BEFE2CF1-5ECC-4AAA-A9D2-6C7E85A48D74}.Debug|Any CPU.ActiveCfg = Debug|Any CPU
		{BEFE2CF1-5ECC-4AAA-A9D2-6C7E85A48D74}.Debug|Any CPU.Build.0 = Debug|Any CPU
		{BEFE2CF1-5ECC-4AAA-A9D2-6C7E85A48D74}.Release|Any CPU.ActiveCfg = Release|Any CPU
		{BEFE2CF1-5ECC-4AAA-A9D2-6C7E85A48D74}.Release|Any CPU.Build.0 = Release|Any CPU
		{EB4B6817-D2FB-40EA-AE9A-243665F259FD}.Debug|Any CPU.ActiveCfg = Debug|Any CPU
		{EB4B6817-D2FB-40EA-AE9A-243665F259FD}.Debug|Any CPU.Build.0 = Debug|Any CPU
		{EB4B6817-D2FB-40EA-AE9A-243665F259FD}.Release|Any CPU.ActiveCfg = Release|Any CPU
		{EB4B6817-D2FB-40EA-AE9A-243665F259FD}.Release|Any CPU.Build.0 = Release|Any CPU
		{82FC69EF-2D41-473B-A207-BE76566B45CE}.Debug|Any CPU.ActiveCfg = Debug|Any CPU
		{82FC69EF-2D41-473B-A207-BE76566B45CE}.Debug|Any CPU.Build.0 = Debug|Any CPU
		{82FC69EF-2D41-473B-A207-BE76566B45CE}.Release|Any CPU.ActiveCfg = Release|Any CPU
		{82FC69EF-2D41-473B-A207-BE76566B45CE}.Release|Any CPU.Build.0 = Release|Any CPU
	EndGlobalSection
	GlobalSection(SolutionProperties) = preSolution
		HideSolutionNode = FALSE
	EndGlobalSection
	GlobalSection(ExtensibilityGlobals) = postSolution
		SolutionGuid = {D2015DE1-75B1-4029-8964-2D883CFA414B}
	EndGlobalSection
EndGlobal
